
Microsoft Visual Studio Solution File, Format Version 12.00
# Visual Studio 15
VisualStudioVersion = 15.0.26124.0
MinimumVisualStudioVersion = 15.0.26124.0
Project("{FAE04EC0-301F-11D3-BF4B-00C04F79EFBC}") = "PaymentGateway", "PaymentGateway\PaymentGateway.csproj", "{721A83BD-6B36-41B6-9DA3-C784549C3BD0}"
EndProject
Project("{FAE04EC0-301F-11D3-BF4B-00C04F79EFBC}") = "PaymentGateway.Tests", "PaymentGateway.Tests\PaymentGateway.Tests.csproj", "{1812A8C9-C27C-40DA-B156-7D7B343717B8}"
EndProject
Global
	GlobalSection(SolutionConfigurationPlatforms) = preSolution
		Debug|Any CPU = Debug|Any CPU
		Debug|x64 = Debug|x64
		Debug|x86 = Debug|x86
		Release|Any CPU = Release|Any CPU
		Release|x64 = Release|x64
		Release|x86 = Release|x86
	EndGlobalSection
	GlobalSection(SolutionProperties) = preSolution
		HideSolutionNode = FALSE
	EndGlobalSection
	GlobalSection(ProjectConfigurationPlatforms) = postSolution
		{721A83BD-6B36-41B6-9DA3-C784549C3BD0}.Debug|Any CPU.ActiveCfg = Debug|Any CPU
		{721A83BD-6B36-41B6-9DA3-C784549C3BD0}.Debug|Any CPU.Build.0 = Debug|Any CPU
		{721A83BD-6B36-41B6-9DA3-C784549C3BD0}.Debug|x64.ActiveCfg = Debug|Any CPU
		{721A83BD-6B36-41B6-9DA3-C784549C3BD0}.Debug|x64.Build.0 = Debug|Any CPU
		{721A83BD-6B36-41B6-9DA3-C784549C3BD0}.Debug|x86.ActiveCfg = Debug|Any CPU
		{721A83BD-6B36-41B6-9DA3-C784549C3BD0}.Debug|x86.Build.0 = Debug|Any CPU
		{721A83BD-6B36-41B6-9DA3-C784549C3BD0}.Release|Any CPU.ActiveCfg = Release|Any CPU
		{721A83BD-6B36-41B6-9DA3-C784549C3BD0}.Release|Any CPU.Build.0 = Release|Any CPU
		{721A83BD-6B36-41B6-9DA3-C784549C3BD0}.Release|x64.ActiveCfg = Release|Any CPU
		{721A83BD-6B36-41B6-9DA3-C784549C3BD0}.Release|x64.Build.0 = Release|Any CPU
		{721A83BD-6B36-41B6-9DA3-C784549C3BD0}.Release|x86.ActiveCfg = Release|Any CPU
		{721A83BD-6B36-41B6-9DA3-C784549C3BD0}.Release|x86.Build.0 = Release|Any CPU
		{1812A8C9-C27C-40DA-B156-7D7B343717B8}.Debug|Any CPU.ActiveCfg = Debug|Any CPU
		{1812A8C9-C27C-40DA-B156-7D7B343717B8}.Debug|Any CPU.Build.0 = Debug|Any CPU
		{1812A8C9-C27C-40DA-B156-7D7B343717B8}.Debug|x64.ActiveCfg = Debug|Any CPU
		{1812A8C9-C27C-40DA-B156-7D7B343717B8}.Debug|x64.Build.0 = Debug|Any CPU
		{1812A8C9-C27C-40DA-B156-7D7B343717B8}.Debug|x86.ActiveCfg = Debug|Any CPU
		{1812A8C9-C27C-40DA-B156-7D7B343717B8}.Debug|x86.Build.0 = Debug|Any CPU
		{1812A8C9-C27C-40DA-B156-7D7B343717B8}.Release|Any CPU.ActiveCfg = Release|Any CPU
		{1812A8C9-C27C-40DA-B156-7D7B343717B8}.Release|Any CPU.Build.0 = Release|Any CPU
		{1812A8C9-C27C-40DA-B156-7D7B343717B8}.Release|x64.ActiveCfg = Release|Any CPU
		{1812A8C9-C27C-40DA-B156-7D7B343717B8}.Release|x64.Build.0 = Release|Any CPU
		{1812A8C9-C27C-40DA-B156-7D7B343717B8}.Release|x86.ActiveCfg = Release|Any CPU
		{1812A8C9-C27C-40DA-B156-7D7B343717B8}.Release|x86.Build.0 = Release|Any CPU
	EndGlobalSection
EndGlobal
